// !$*UTF8*$!
{
	archiveVersion = 1;
	classes = {
	};
	objectVersion = 50;
	objects = {

/* Begin PBXBuildFile section */
		070883FE2267315A00276324 /* AppDelegate.swift in Sources */ = {isa = PBXBuildFile; fileRef = 070883FD2267315A00276324 /* AppDelegate.swift */; };
		070884002267315A00276324 /* HomeViewController.swift in Sources */ = {isa = PBXBuildFile; fileRef = 070883FF2267315A00276324 /* HomeViewController.swift */; };
		070884032267315A00276324 /* Main.storyboard in Resources */ = {isa = PBXBuildFile; fileRef = 070884012267315A00276324 /* Main.storyboard */; };
		070884052267315B00276324 /* Assets.xcassets in Resources */ = {isa = PBXBuildFile; fileRef = 070884042267315B00276324 /* Assets.xcassets */; };
		070884082267315B00276324 /* LaunchScreen.storyboard in Resources */ = {isa = PBXBuildFile; fileRef = 070884062267315B00276324 /* LaunchScreen.storyboard */; };
		070884132267315B00276324 /* Slef_WeatherTests.swift in Sources */ = {isa = PBXBuildFile; fileRef = 070884122267315B00276324 /* Slef_WeatherTests.swift */; };
		0708841E2267315B00276324 /* Slef_WeatherUITests.swift in Sources */ = {isa = PBXBuildFile; fileRef = 0708841D2267315B00276324 /* Slef_WeatherUITests.swift */; };
		07381FEE2269BA7500167051 /* ExtUIViewController.swift in Sources */ = {isa = PBXBuildFile; fileRef = 07381FED2269BA7500167051 /* ExtUIViewController.swift */; };
		07381FFC2269DD6200167051 /* Net in Resources */ = {isa = PBXBuildFile; fileRef = 07381FFB2269DD6200167051 /* Net */; };
		929C4D1051AB0532215C31B4 /* libPods-Slef_Weather.a in Frameworks */ = {isa = PBXBuildFile; fileRef = 1D43218E6B59EC0F368DCF9D /* libPods-Slef_Weather.a */; };
/* End PBXBuildFile section */

/* Begin PBXContainerItemProxy section */
		0708840F2267315B00276324 /* PBXContainerItemProxy */ = {
			isa = PBXContainerItemProxy;
			containerPortal = 070883F22267315A00276324 /* Project object */;
			proxyType = 1;
			remoteGlobalIDString = 070883F92267315A00276324;
			remoteInfo = Slef_Weather;
		};
		0708841A2267315B00276324 /* PBXContainerItemProxy */ = {
			isa = PBXContainerItemProxy;
			containerPortal = 070883F22267315A00276324 /* Project object */;
			proxyType = 1;
			remoteGlobalIDString = 070883F92267315A00276324;
			remoteInfo = Slef_Weather;
		};
/* End PBXContainerItemProxy section */

/* Begin PBXFileReference section */
		070883FA2267315A00276324 /* Slef_Weather.app */ = {isa = PBXFileReference; explicitFileType = wrapper.application; includeInIndex = 0; path = Slef_Weather.app; sourceTree = BUILT_PRODUCTS_DIR; };
		070883FD2267315A00276324 /* AppDelegate.swift */ = {isa = PBXFileReference; lastKnownFileType = sourcecode.swift; path = AppDelegate.swift; sourceTree = "<group>"; };
		070883FF2267315A00276324 /* HomeViewController.swift */ = {isa = PBXFileReference; lastKnownFileType = sourcecode.swift; path = HomeViewController.swift; sourceTree = "<group>"; };
		070884022267315A00276324 /* Base */ = {isa = PBXFileReference; lastKnownFileType = file.storyboard; name = Base; path = Base.lproj/Main.storyboard; sourceTree = "<group>"; };
		070884042267315B00276324 /* Assets.xcassets */ = {isa = PBXFileReference; lastKnownFileType = folder.assetcatalog; path = Assets.xcassets; sourceTree = "<group>"; };
		070884072267315B00276324 /* Base */ = {isa = PBXFileReference; lastKnownFileType = file.storyboard; name = Base; path = Base.lproj/LaunchScreen.storyboard; sourceTree = "<group>"; };
		070884092267315B00276324 /* Info.plist */ = {isa = PBXFileReference; lastKnownFileType = text.plist.xml; path = Info.plist; sourceTree = "<group>"; };
		0708840E2267315B00276324 /* Slef_WeatherTests.xctest */ = {isa = PBXFileReference; explicitFileType = wrapper.cfbundle; includeInIndex = 0; path = Slef_WeatherTests.xctest; sourceTree = BUILT_PRODUCTS_DIR; };
		070884122267315B00276324 /* Slef_WeatherTests.swift */ = {isa = PBXFileReference; lastKnownFileType = sourcecode.swift; path = Slef_WeatherTests.swift; sourceTree = "<group>"; };
		070884142267315B00276324 /* Info.plist */ = {isa = PBXFileReference; lastKnownFileType = text.plist.xml; path = Info.plist; sourceTree = "<group>"; };
		070884192267315B00276324 /* Slef_WeatherUITests.xctest */ = {isa = PBXFileReference; explicitFileType = wrapper.cfbundle; includeInIndex = 0; path = Slef_WeatherUITests.xctest; sourceTree = BUILT_PRODUCTS_DIR; };
		0708841D2267315B00276324 /* Slef_WeatherUITests.swift */ = {isa = PBXFileReference; lastKnownFileType = sourcecode.swift; path = Slef_WeatherUITests.swift; sourceTree = "<group>"; };
		0708841F2267315B00276324 /* Info.plist */ = {isa = PBXFileReference; lastKnownFileType = text.plist.xml; path = Info.plist; sourceTree = "<group>"; };
		07381FED2269BA7500167051 /* ExtUIViewController.swift */ = {isa = PBXFileReference; lastKnownFileType = sourcecode.swift; path = ExtUIViewController.swift; sourceTree = "<group>"; };
		07381FFB2269DD6200167051 /* Net */ = {isa = PBXFileReference; lastKnownFileType = folder; path = Net; sourceTree = "<group>"; };
		1D43218E6B59EC0F368DCF9D /* libPods-Slef_Weather.a */ = {isa = PBXFileReference; explicitFileType = archive.ar; includeInIndex = 0; path = "libPods-Slef_Weather.a"; sourceTree = BUILT_PRODUCTS_DIR; };
		3FD9B673EC4D7049B19BE18B /* Pods-Slef_Weather.debug.xcconfig */ = {isa = PBXFileReference; includeInIndex = 1; lastKnownFileType = text.xcconfig; name = "Pods-Slef_Weather.debug.xcconfig"; path = "Target Support Files/Pods-Slef_Weather/Pods-Slef_Weather.debug.xcconfig"; sourceTree = "<group>"; };
		562205DBB9DA9A1B41843C33 /* Pods-Slef_Weather.release.xcconfig */ = {isa = PBXFileReference; includeInIndex = 1; lastKnownFileType = text.xcconfig; name = "Pods-Slef_Weather.release.xcconfig"; path = "Target Support Files/Pods-Slef_Weather/Pods-Slef_Weather.release.xcconfig"; sourceTree = "<group>"; };
/* End PBXFileReference section */

/* Begin PBXFrameworksBuildPhase section */
		070883F72267315A00276324 /* Frameworks */ = {
			isa = PBXFrameworksBuildPhase;
			buildActionMask = 2147483647;
			files = (
				929C4D1051AB0532215C31B4 /* libPods-Slef_Weather.a in Frameworks */,
			);
			runOnlyForDeploymentPostprocessing = 0;
		};
		0708840B2267315B00276324 /* Frameworks */ = {
			isa = PBXFrameworksBuildPhase;
			buildActionMask = 2147483647;
			files = (
			);
			runOnlyForDeploymentPostprocessing = 0;
		};
		070884162267315B00276324 /* Frameworks */ = {
			isa = PBXFrameworksBuildPhase;
			buildActionMask = 2147483647;
			files = (
			);
			runOnlyForDeploymentPostprocessing = 0;
		};
/* End PBXFrameworksBuildPhase section */

/* Begin PBXGroup section */
		070883F12267315A00276324 = {
			isa = PBXGroup;
			children = (
				070883FC2267315A00276324 /* Slef_Weather */,
				070884112267315B00276324 /* Slef_WeatherTests */,
				0708841C2267315B00276324 /* Slef_WeatherUITests */,
				070883FB2267315A00276324 /* Products */,
				3BFE3F7DAA8929721D8270C4 /* Pods */,
				8C0EE9CACC10D536DA29E54E /* Frameworks */,
			);
			sourceTree = "<group>";
		};
		070883FB2267315A00276324 /* Products */ = {
			isa = PBXGroup;
			children = (
				070883FA2267315A00276324 /* Slef_Weather.app */,
				0708840E2267315B00276324 /* Slef_WeatherTests.xctest */,
				070884192267315B00276324 /* Slef_WeatherUITests.xctest */,
			);
			name = Products;
			sourceTree = "<group>";
		};
		070883FC2267315A00276324 /* Slef_Weather */ = {
			isa = PBXGroup;
			children = (
				070884042267315B00276324 /* Assets.xcassets */,
				07381FF42269CC5600167051 /* Common */,
				07381FF02269CC1600167051 /* Model */,
				07381FF12269CC2800167051 /* View */,
				07381FF22269CC3100167051 /* Controller */,
				07381FF32269CC4900167051 /* Extension */,
				07381FF52269CC5E00167051 /* Venter */,
				07381FFB2269DD6200167051 /* Net */,
				070883FD2267315A00276324 /* AppDelegate.swift */,
				070884092267315B00276324 /* Info.plist */,
			);
			path = Slef_Weather;
			sourceTree = "<group>";
		};
		070884112267315B00276324 /* Slef_WeatherTests */ = {
			isa = PBXGroup;
			children = (
				070884122267315B00276324 /* Slef_WeatherTests.swift */,
				070884142267315B00276324 /* Info.plist */,
			);
			path = Slef_WeatherTests;
			sourceTree = "<group>";
		};
		0708841C2267315B00276324 /* Slef_WeatherUITests */ = {
			isa = PBXGroup;
			children = (
				0708841D2267315B00276324 /* Slef_WeatherUITests.swift */,
				0708841F2267315B00276324 /* Info.plist */,
			);
			path = Slef_WeatherUITests;
			sourceTree = "<group>";
		};
		07381FF02269CC1600167051 /* Model */ = {
			isa = PBXGroup;
			children = (
			);
			path = Model;
			sourceTree = "<group>";
		};
		07381FF12269CC2800167051 /* View */ = {
			isa = PBXGroup;
			children = (
			);
			path = View;
			sourceTree = "<group>";
		};
		07381FF22269CC3100167051 /* Controller */ = {
			isa = PBXGroup;
			children = (
				070884062267315B00276324 /* LaunchScreen.storyboard */,
				070884012267315A00276324 /* Main.storyboard */,
				070883FF2267315A00276324 /* HomeViewController.swift */,
			);
			path = Controller;
			sourceTree = "<group>";
		};
		07381FF32269CC4900167051 /* Extension */ = {
			isa = PBXGroup;
			children = (
				07381FED2269BA7500167051 /* ExtUIViewController.swift */,
			);
			path = Extension;
			sourceTree = "<group>";
		};
		07381FF42269CC5600167051 /* Common */ = {
			isa = PBXGroup;
			children = (
			);
			path = Common;
			sourceTree = "<group>";
		};
		07381FF52269CC5E00167051 /* Venter */ = {
			isa = PBXGroup;
			children = (
			);
			path = Venter;
			sourceTree = "<group>";
		};
		3BFE3F7DAA8929721D8270C4 /* Pods */ = {
			isa = PBXGroup;
			children = (
				3FD9B673EC4D7049B19BE18B /* Pods-Slef_Weather.debug.xcconfig */,
				562205DBB9DA9A1B41843C33 /* Pods-Slef_Weather.release.xcconfig */,
			);
			path = Pods;
			sourceTree = "<group>";
		};
		8C0EE9CACC10D536DA29E54E /* Frameworks */ = {
			isa = PBXGroup;
			children = (
				1D43218E6B59EC0F368DCF9D /* libPods-Slef_Weather.a */,
			);
			name = Frameworks;
			sourceTree = "<group>";
		};
/* End PBXGroup section */

/* Begin PBXNativeTarget section */
		070883F92267315A00276324 /* Slef_Weather */ = {
			isa = PBXNativeTarget;
			buildConfigurationList = 070884222267315B00276324 /* Build configuration list for PBXNativeTarget "Slef_Weather" */;
			buildPhases = (
				37730E221698C8289411A025 /* [CP] Check Pods Manifest.lock */,
				070883F62267315A00276324 /* Sources */,
				070883F72267315A00276324 /* Frameworks */,
				070883F82267315A00276324 /* Resources */,
				C8B458D3713D210F5EAD71B5 /* [CP] Copy Pods Resources */,
			);
			buildRules = (
			);
			dependencies = (
			);
			name = Slef_Weather;
			productName = Slef_Weather;
			productReference = 070883FA2267315A00276324 /* Slef_Weather.app */;
			productType = "com.apple.product-type.application";
		};
		0708840D2267315B00276324 /* Slef_WeatherTests */ = {
			isa = PBXNativeTarget;
			buildConfigurationList = 070884252267315B00276324 /* Build configuration list for PBXNativeTarget "Slef_WeatherTests" */;
			buildPhases = (
				0708840A2267315B00276324 /* Sources */,
				0708840B2267315B00276324 /* Frameworks */,
				0708840C2267315B00276324 /* Resources */,
			);
			buildRules = (
			);
			dependencies = (
				070884102267315B00276324 /* PBXTargetDependency */,
			);
			name = Slef_WeatherTests;
			productName = Slef_WeatherTests;
			productReference = 0708840E2267315B00276324 /* Slef_WeatherTests.xctest */;
			productType = "com.apple.product-type.bundle.unit-test";
		};
		070884182267315B00276324 /* Slef_WeatherUITests */ = {
			isa = PBXNativeTarget;
			buildConfigurationList = 070884282267315B00276324 /* Build configuration list for PBXNativeTarget "Slef_WeatherUITests" */;
			buildPhases = (
				070884152267315B00276324 /* Sources */,
				070884162267315B00276324 /* Frameworks */,
				070884172267315B00276324 /* Resources */,
			);
			buildRules = (
			);
			dependencies = (
				0708841B2267315B00276324 /* PBXTargetDependency */,
			);
			name = Slef_WeatherUITests;
			productName = Slef_WeatherUITests;
			productReference = 070884192267315B00276324 /* Slef_WeatherUITests.xctest */;
			productType = "com.apple.product-type.bundle.ui-testing";
		};
/* End PBXNativeTarget section */

/* Begin PBXProject section */
		070883F22267315A00276324 /* Project object */ = {
			isa = PBXProject;
			attributes = {
				LastSwiftUpdateCheck = 1020;
				LastUpgradeCheck = 1020;
				ORGANIZATIONNAME = caulifeld;
				TargetAttributes = {
					070883F92267315A00276324 = {
						CreatedOnToolsVersion = 10.2;
					};
					0708840D2267315B00276324 = {
						CreatedOnToolsVersion = 10.2;
						TestTargetID = 070883F92267315A00276324;
					};
					070884182267315B00276324 = {
						CreatedOnToolsVersion = 10.2;
						TestTargetID = 070883F92267315A00276324;
					};
				};
			};
			buildConfigurationList = 070883F52267315A00276324 /* Build configuration list for PBXProject "Slef_Weather" */;
			compatibilityVersion = "Xcode 9.3";
			developmentRegion = en;
			hasScannedForEncodings = 0;
			knownRegions = (
				en,
				Base,
			);
			mainGroup = 070883F12267315A00276324;
			productRefGroup = 070883FB2267315A00276324 /* Products */;
			projectDirPath = "";
			projectRoot = "";
			targets = (
				070883F92267315A00276324 /* Slef_Weather */,
				0708840D2267315B00276324 /* Slef_WeatherTests */,
				070884182267315B00276324 /* Slef_WeatherUITests */,
			);
		};
/* End PBXProject section */

/* Begin PBXResourcesBuildPhase section */
		070883F82267315A00276324 /* Resources */ = {
			isa = PBXResourcesBuildPhase;
			buildActionMask = 2147483647;
			files = (
				070884082267315B00276324 /* LaunchScreen.storyboard in Resources */,
				070884052267315B00276324 /* Assets.xcassets in Resources */,
				07381FFC2269DD6200167051 /* Net in Resources */,
				070884032267315A00276324 /* Main.storyboard in Resources */,
			);
			runOnlyForDeploymentPostprocessing = 0;
		};
		0708840C2267315B00276324 /* Resources */ = {
			isa = PBXResourcesBuildPhase;
			buildActionMask = 2147483647;
			files = (
			);
			runOnlyForDeploymentPostprocessing = 0;
		};
		070884172267315B00276324 /* Resources */ = {
			isa = PBXResourcesBuildPhase;
			buildActionMask = 2147483647;
			files = (
			);
			runOnlyForDeploymentPostprocessing = 0;
		};
/* End PBXResourcesBuildPhase section */

/* Begin PBXShellScriptBuildPhase section */
		37730E221698C8289411A025 /* [CP] Check Pods Manifest.lock */ = {
			isa = PBXShellScriptBuildPhase;
			buildActionMask = 2147483647;
			files = (
			);
			inputFileListPaths = (
			);
			inputPaths = (
				"${PODS_PODFILE_DIR_PATH}/Podfile.lock",
				"${PODS_ROOT}/Manifest.lock",
			);
			name = "[CP] Check Pods Manifest.lock";
			outputFileListPaths = (
			);
			outputPaths = (
				"$(DERIVED_FILE_DIR)/Pods-Slef_Weather-checkManifestLockResult.txt",
			);
			runOnlyForDeploymentPostprocessing = 0;
			shellPath = /bin/sh;
			shellScript = "diff \"${PODS_PODFILE_DIR_PATH}/Podfile.lock\" \"${PODS_ROOT}/Manifest.lock\" > /dev/null\nif [ $? != 0 ] ; then\n    # print error to STDERR\n    echo \"error: The sandbox is not in sync with the Podfile.lock. Run 'pod install' or update your CocoaPods installation.\" >&2\n    exit 1\nfi\n# This output is used by Xcode 'outputs' to avoid re-running this script phase.\necho \"SUCCESS\" > \"${SCRIPT_OUTPUT_FILE_0}\"\n";
			showEnvVarsInLog = 0;
		};
		C8B458D3713D210F5EAD71B5 /* [CP] Copy Pods Resources */ = {
			isa = PBXShellScriptBuildPhase;
			buildActionMask = 2147483647;
			files = (
			);
			inputFileListPaths = (
			);
			inputPaths = (
				"${PODS_ROOT}/Target Support Files/Pods-Slef_Weather/Pods-Slef_Weather-resources.sh",
				"${PODS_ROOT}/FWPopupView/FWPopupView/FWPopupView/FWPopupView/Resources/FWPopupView.bundle",
			);
			name = "[CP] Copy Pods Resources";
			outputFileListPaths = (
			);
			outputPaths = (
				"${TARGET_BUILD_DIR}/${UNLOCALIZED_RESOURCES_FOLDER_PATH}/FWPopupView.bundle",
			);
			runOnlyForDeploymentPostprocessing = 0;
			shellPath = /bin/sh;
			shellScript = "\"${PODS_ROOT}/Target Support Files/Pods-Slef_Weather/Pods-Slef_Weather-resources.sh\"\n";
			showEnvVarsInLog = 0;
		};
/* End PBXShellScriptBuildPhase section */

/* Begin PBXSourcesBuildPhase section */
		070883F62267315A00276324 /* Sources */ = {
			isa = PBXSourcesBuildPhase;
			buildActionMask = 2147483647;
			files = (
				070884002267315A00276324 /* HomeViewController.swift in Sources */,
				070883FE2267315A00276324 /* AppDelegate.swift in Sources */,
				07381FEE2269BA7500167051 /* ExtUIViewController.swift in Sources */,
			);
			runOnlyForDeploymentPostprocessing = 0;
		};
		0708840A2267315B00276324 /* Sources */ = {
			isa = PBXSourcesBuildPhase;
			buildActionMask = 2147483647;
			files = (
				070884132267315B00276324 /* Slef_WeatherTests.swift in Sources */,
			);
			runOnlyForDeploymentPostprocessing = 0;
		};
		070884152267315B00276324 /* Sources */ = {
			isa = PBXSourcesBuildPhase;
			buildActionMask = 2147483647;
			files = (
				0708841E2267315B00276324 /* Slef_WeatherUITests.swift in Sources */,
			);
			runOnlyForDeploymentPostprocessing = 0;
		};
/* End PBXSourcesBuildPhase section */

/* Begin PBXTargetDependency section */
		070884102267315B00276324 /* PBXTargetDependency */ = {
			isa = PBXTargetDependency;
			target = 070883F92267315A00276324 /* Slef_Weather */;
			targetProxy = 0708840F2267315B00276324 /* PBXContainerItemProxy */;
		};
		0708841B2267315B00276324 /* PBXTargetDependency */ = {
			isa = PBXTargetDependency;
			target = 070883F92267315A00276324 /* Slef_Weather */;
			targetProxy = 0708841A2267315B00276324 /* PBXContainerItemProxy */;
		};
/* End PBXTargetDependency section */

/* Begin PBXVariantGroup section */
		070884012267315A00276324 /* Main.storyboard */ = {
			isa = PBXVariantGroup;
			children = (
				070884022267315A00276324 /* Base */,
			);
			name = Main.storyboard;
			sourceTree = "<group>";
		};
		070884062267315B00276324 /* LaunchScreen.storyboard */ = {
			isa = PBXVariantGroup;
			children = (
				070884072267315B00276324 /* Base */,
			);
			name = LaunchScreen.storyboard;
			sourceTree = "<group>";
		};
/* End PBXVariantGroup section */

/* Begin XCBuildConfiguration section */
		070884202267315B00276324 /* Debug */ = {
			isa = XCBuildConfiguration;
			buildSettings = {
				ALWAYS_SEARCH_USER_PATHS = NO;
				CLANG_ANALYZER_NONNULL = YES;
				CLANG_ANALYZER_NUMBER_OBJECT_CONVERSION = YES_AGGRESSIVE;
				CLANG_CXX_LANGUAGE_STANDARD = "gnu++14";
				CLANG_CXX_LIBRARY = "libc++";
				CLANG_ENABLE_MODULES = YES;
				CLANG_ENABLE_OBJC_ARC = YES;
				CLANG_ENABLE_OBJC_WEAK = YES;
				CLANG_WARN_BLOCK_CAPTURE_AUTORELEASING = YES;
				CLANG_WARN_BOOL_CONVERSION = YES;
				CLANG_WARN_COMMA = YES;
				CLANG_WARN_CONSTANT_CONVERSION = YES;
				CLANG_WARN_DEPRECATED_OBJC_IMPLEMENTATIONS = YES;
				CLANG_WARN_DIRECT_OBJC_ISA_USAGE = YES_ERROR;
				CLANG_WARN_DOCUMENTATION_COMMENTS = YES;
				CLANG_WARN_EMPTY_BODY = YES;
				CLANG_WARN_ENUM_CONVERSION = YES;
				CLANG_WARN_INFINITE_RECURSION = YES;
				CLANG_WARN_INT_CONVERSION = YES;
				CLANG_WARN_NON_LITERAL_NULL_CONVERSION = YES;
				CLANG_WARN_OBJC_IMPLICIT_RETAIN_SELF = YES;
				CLANG_WARN_OBJC_LITERAL_CONVERSION = YES;
				CLANG_WARN_OBJC_ROOT_CLASS = YES_ERROR;
				CLANG_WARN_RANGE_LOOP_ANALYSIS = YES;
				CLANG_WARN_STRICT_PROTOTYPES = YES;
				CLANG_WARN_SUSPICIOUS_MOVE = YES;
				CLANG_WARN_UNGUARDED_AVAILABILITY = YES_AGGRESSIVE;
				CLANG_WARN_UNREACHABLE_CODE = YES;
				CLANG_WARN__DUPLICATE_METHOD_MATCH = YES;
				CODE_SIGN_IDENTITY = "iPhone Developer";
				COPY_PHASE_STRIP = NO;
				DEBUG_INFORMATION_FORMAT = dwarf;
				ENABLE_STRICT_OBJC_MSGSEND = YES;
				ENABLE_TESTABILITY = YES;
				GCC_C_LANGUAGE_STANDARD = gnu11;
				GCC_DYNAMIC_NO_PIC = NO;
				GCC_NO_COMMON_BLOCKS = YES;
				GCC_OPTIMIZATION_LEVEL = 0;
				GCC_PREPROCESSOR_DEFINITIONS = (
					"DEBUG=1",
					"$(inherited)",
				);
				GCC_WARN_64_TO_32_BIT_CONVERSION = YES;
				GCC_WARN_ABOUT_RETURN_TYPE = YES_ERROR;
				GCC_WARN_UNDECLARED_SELECTOR = YES;
				GCC_WARN_UNINITIALIZED_AUTOS = YES_AGGRESSIVE;
				GCC_WARN_UNUSED_FUNCTION = YES;
				GCC_WARN_UNUSED_VARIABLE = YES;
				IPHONEOS_DEPLOYMENT_TARGET = 12.2;
				MTL_ENABLE_DEBUG_INFO = INCLUDE_SOURCE;
				MTL_FAST_MATH = YES;
				ONLY_ACTIVE_ARCH = YES;
				SDKROOT = iphoneos;
				SWIFT_ACTIVE_COMPILATION_CONDITIONS = DEBUG;
				SWIFT_OPTIMIZATION_LEVEL = "-Onone";
			};
			name = Debug;
		};
		070884212267315B00276324 /* Release */ = {
			isa = XCBuildConfiguration;
			buildSettings = {
				ALWAYS_SEARCH_USER_PATHS = NO;
				CLANG_ANALYZER_NONNULL = YES;
				CLANG_ANALYZER_NUMBER_OBJECT_CONVERSION = YES_AGGRESSIVE;
				CLANG_CXX_LANGUAGE_STANDARD = "gnu++14";
				CLANG_CXX_LIBRARY = "libc++";
				CLANG_ENABLE_MODULES = YES;
				CLANG_ENABLE_OBJC_ARC = YES;
				CLANG_ENABLE_OBJC_WEAK = YES;
				CLANG_WARN_BLOCK_CAPTURE_AUTORELEASING = YES;
				CLANG_WARN_BOOL_CONVERSION = YES;
				CLANG_WARN_COMMA = YES;
				CLANG_WARN_CONSTANT_CONVERSION = YES;
				CLANG_WARN_DEPRECATED_OBJC_IMPLEMENTATIONS = YES;
				CLANG_WARN_DIRECT_OBJC_ISA_USAGE = YES_ERROR;
				CLANG_WARN_DOCUMENTATION_COMMENTS = YES;
				CLANG_WARN_EMPTY_BODY = YES;
				CLANG_WARN_ENUM_CONVERSION = YES;
				CLANG_WARN_INFINITE_RECURSION = YES;
				CLANG_WARN_INT_CONVERSION = YES;
				CLANG_WARN_NON_LITERAL_NULL_CONVERSION = YES;
				CLANG_WARN_OBJC_IMPLICIT_RETAIN_SELF = YES;
				CLANG_WARN_OBJC_LITERAL_CONVERSION = YES;
				CLANG_WARN_OBJC_ROOT_CLASS = YES_ERROR;
				CLANG_WARN_RANGE_LOOP_ANALYSIS = YES;
				CLANG_WARN_STRICT_PROTOTYPES = YES;
				CLANG_WARN_SUSPICIOUS_MOVE = YES;
				CLANG_WARN_UNGUARDED_AVAILABILITY = YES_AGGRESSIVE;
				CLANG_WARN_UNREACHABLE_CODE = YES;
				CLANG_WARN__DUPLICATE_METHOD_MATCH = YES;
				CODE_SIGN_IDENTITY = "iPhone Developer";
				COPY_PHASE_STRIP = NO;
				DEBUG_INFORMATION_FORMAT = "dwarf-with-dsym";
				ENABLE_NS_ASSERTIONS = NO;
				ENABLE_STRICT_OBJC_MSGSEND = YES;
				GCC_C_LANGUAGE_STANDARD = gnu11;
				GCC_NO_COMMON_BLOCKS = YES;
				GCC_WARN_64_TO_32_BIT_CONVERSION = YES;
				GCC_WARN_ABOUT_RETURN_TYPE = YES_ERROR;
				GCC_WARN_UNDECLARED_SELECTOR = YES;
				GCC_WARN_UNINITIALIZED_AUTOS = YES_AGGRESSIVE;
				GCC_WARN_UNUSED_FUNCTION = YES;
				GCC_WARN_UNUSED_VARIABLE = YES;
				IPHONEOS_DEPLOYMENT_TARGET = 12.2;
				MTL_ENABLE_DEBUG_INFO = NO;
				MTL_FAST_MATH = YES;
				SDKROOT = iphoneos;
				SWIFT_COMPILATION_MODE = wholemodule;
				SWIFT_OPTIMIZATION_LEVEL = "-O";
				VALIDATE_PRODUCT = YES;
			};
			name = Release;
		};
		070884232267315B00276324 /* Debug */ = {
			isa = XCBuildConfiguration;
			baseConfigurationReference = 3FD9B673EC4D7049B19BE18B /* Pods-Slef_Weather.debug.xcconfig */;
			buildSettings = {
				ASSETCATALOG_COMPILER_APPICON_NAME = AppIcon;
				CODE_SIGN_STYLE = Automatic;
				DEVELOPMENT_TEAM = FUZ85JT45Q;
				INFOPLIST_FILE = Slef_Weather/Info.plist;
				LD_RUNPATH_SEARCH_PATHS = (
					"$(inherited)",
					"@executable_path/Frameworks",
				);
				PRODUCT_BUNDLE_IDENTIFIER = "com.caulifeld.Slef-Weather";
				PRODUCT_NAME = "$(TARGET_NAME)";
				SWIFT_VERSION = 5.0;
				TARGETED_DEVICE_FAMILY = "1,2";
			};
			name = Debug;
		};
		070884242267315B00276324 /* Release */ = {
			isa = XCBuildConfiguration;
			baseConfigurationReference = 562205DBB9DA9A1B41843C33 /* Pods-Slef_Weather.release.xcconfig */;
			buildSettings = {
				ASSETCATALOG_COMPILER_APPICON_NAME = AppIcon;
				CODE_SIGN_STYLE = Automatic;
				DEVELOPMENT_TEAM = FUZ85JT45Q;
				INFOPLIST_FILE = Slef_Weather/Info.plist;
				LD_RUNPATH_SEARCH_PATHS = (
					"$(inherited)",
					"@executable_path/Frameworks",
				);
				PRODUCT_BUNDLE_IDENTIFIER = "com.caulifeld.Slef-Weather";
				PRODUCT_NAME = "$(TARGET_NAME)";
				SWIFT_VERSION = 5.0;
				TARGETED_DEVICE_FAMILY = "1,2";
			};
			name = Release;
		};
		070884262267315B00276324 /* Debug */ = {
			isa = XCBuildConfiguration;
			buildSettings = {
				ALWAYS_EMBED_SWIFT_STANDARD_LIBRARIES = YES;
				BUNDLE_LOADER = "$(TEST_HOST)";
				CODE_SIGN_STYLE = Automatic;
				INFOPLIST_FILE = Slef_WeatherTests/Info.plist;
				LD_RUNPATH_SEARCH_PATHS = (
					"$(inherited)",
					"@executable_path/Frameworks",
					"@loader_path/Frameworks",
				);
				PRODUCT_BUNDLE_IDENTIFIER = "com.caulifeld.Slef-WeatherTests";
				PRODUCT_NAME = "$(TARGET_NAME)";
				SWIFT_VERSION = 5.0;
				TARGETED_DEVICE_FAMILY = "1,2";
				TEST_HOST = "$(BUILT_PRODUCTS_DIR)/Slef_Weather.app/Slef_Weather";
			};
			name = Debug;
		};
		070884272267315B00276324 /* Release */ = {
			isa = XCBuildConfiguration;
			buildSettings = {
				ALWAYS_EMBED_SWIFT_STANDARD_LIBRARIES = YES;
				BUNDLE_LOADER = "$(TEST_HOST)";
				CODE_SIGN_STYLE = Automatic;
				INFOPLIST_FILE = Slef_WeatherTests/Info.plist;
				LD_RUNPATH_SEARCH_PATHS = (
					"$(inherited)",
					"@executable_path/Frameworks",
					"@loader_path/Frameworks",
				);
				PRODUCT_BUNDLE_IDENTIFIER = "com.caulifeld.Slef-WeatherTests";
				PRODUCT_NAME = "$(TARGET_NAME)";
				SWIFT_VERSION = 5.0;
				TARGETED_DEVICE_FAMILY = "1,2";
				TEST_HOST = "$(BUILT_PRODUCTS_DIR)/Slef_Weather.app/Slef_Weather";
			};
			name = Release;
		};
		070884292267315B00276324 /* Debug */ = {
			isa = XCBuildConfiguration;
			buildSettings = {
				ALWAYS_EMBED_SWIFT_STANDARD_LIBRARIES = YES;
				CODE_SIGN_STYLE = Automatic;
				INFOPLIST_FILE = Slef_WeatherUITests/Info.plist;
				LD_RUNPATH_SEARCH_PATHS = (
					"$(inherited)",
					"@executable_path/Frameworks",
					"@loader_path/Frameworks",
				);
				PRODUCT_BUNDLE_IDENTIFIER = "com.caulifeld.Slef-WeatherUITests";
				PRODUCT_NAME = "$(TARGET_NAME)";
				SWIFT_VERSION = 5.0;
				TARGETED_DEVICE_FAMILY = "1,2";
				TEST_TARGET_NAME = Slef_Weather;
			};
			name = Debug;
		};
		0708842A2267315B00276324 /* Release */ = {
			isa = XCBuildConfiguration;
			buildSettings = {
				ALWAYS_EMBED_SWIFT_STANDARD_LIBRARIES = YES;
				CODE_SIGN_STYLE = Automatic;
				INFOPLIST_FILE = Slef_WeatherUITests/Info.plist;
				LD_RUNPATH_SEARCH_PATHS = (
					"$(inherited)",
					"@executable_path/Frameworks",
					"@loader_path/Frameworks",
				);
				PRODUCT_BUNDLE_IDENTIFIER = "com.caulifeld.Slef-WeatherUITests";
				PRODUCT_NAME = "$(TARGET_NAME)";
				SWIFT_VERSION = 5.0;
				TARGETED_DEVICE_FAMILY = "1,2";
				TEST_TARGET_NAME = Slef_Weather;
			};
			name = Release;
		};
/* End XCBuildConfiguration section */

/* Begin XCConfigurationList section */
		070883F52267315A00276324 /* Build configuration list for PBXProject "Slef_Weather" */ = {
			isa = XCConfigurationList;
			buildConfigurations = (
				070884202267315B00276324 /* Debug */,
				070884212267315B00276324 /* Release */,
			);
			defaultConfigurationIsVisible = 0;
			defaultConfigurationName = Release;
		};
		070884222267315B00276324 /* Build configuration list for PBXNativeTarget "Slef_Weather" */ = {
			isa = XCConfigurationList;
			buildConfigurations = (
				070884232267315B00276324 /* Debug */,
				070884242267315B00276324 /* Release */,
			);
			defaultConfigurationIsVisible = 0;
			defaultConfigurationName = Release;
		};
		070884252267315B00276324 /* Build configuration list for PBXNativeTarget "Slef_WeatherTests" */ = {
			isa = XCConfigurationList;
			buildConfigurations = (
				070884262267315B00276324 /* Debug */,
				070884272267315B00276324 /* Release */,
			);
			defaultConfigurationIsVisible = 0;
			defaultConfigurationName = Release;
		};
		070884282267315B00276324 /* Build configuration list for PBXNativeTarget "Slef_WeatherUITests" */ = {
			isa = XCConfigurationList;
			buildConfigurations = (
				070884292267315B00276324 /* Debug */,
				0708842A2267315B00276324 /* Release */,
			);
			defaultConfigurationIsVisible = 0;
			defaultConfigurationName = Release;
		};
/* End XCConfigurationList section */
	};
	rootObject = 070883F22267315A00276324 /* Project object */;
}
